
Microsoft Visual Studio Solution File, Format Version 12.00
# Visual Studio Version 17
VisualStudioVersion = 17.11.35222.181
MinimumVisualStudioVersion = 10.0.40219.1
Project("{8BC9CEB8-8B4A-11D0-8D11-00A0C91BC942}") = "calc", "calc\calc.vcxproj", "{95FF58C4-E009-4882-B6BA-5DC6AD5993DF}"
EndProject
Project("{8BC9CEB8-8B4A-11D0-8D11-00A0C91BC942}") = "g-test", "g-test\g-test.vcxproj", "{5F56069C-F4AB-4D9C-8132-E7D901AAD131}"
EndProject
Global
	GlobalSection(SolutionConfigurationPlatforms) = preSolution
		Debug|x64 = Debug|x64
		Debug|x86 = Debug|x86
		Release|x64 = Release|x64
		Release|x86 = Release|x86
	EndGlobalSection
	GlobalSection(ProjectConfigurationPlatforms) = postSolution
		{95FF58C4-E009-4882-B6BA-5DC6AD5993DF}.Debug|x64.ActiveCfg = Debug|x64
		{95FF58C4-E009-4882-B6BA-5DC6AD5993DF}.Debug|x64.Build.0 = Debug|x64
		{95FF58C4-E009-4882-B6BA-5DC6AD5993DF}.Debug|x86.ActiveCfg = Debug|Win32
		{95FF58C4-E009-4882-B6BA-5DC6AD5993DF}.Debug|x86.Build.0 = Debug|Win32
		{95FF58C4-E009-4882-B6BA-5DC6AD5993DF}.Release|x64.ActiveCfg = Release|x64
		{95FF58C4-E009-4882-B6BA-5DC6AD5993DF}.Release|x64.Build.0 = Release|x64
		{95FF58C4-E009-4882-B6BA-5DC6AD5993DF}.Release|x86.ActiveCfg = Release|Win32
		{95FF58C4-E009-4882-B6BA-5DC6AD5993DF}.Release|x86.Build.0 = Release|Win32
		{5F56069C-F4AB-4D9C-8132-E7D901AAD131}.Debug|x64.ActiveCfg = Debug|x64
		{5F56069C-F4AB-4D9C-8132-E7D901AAD131}.Debug|x64.Build.0 = Debug|x64
		{5F56069C-F4AB-4D9C-8132-E7D901AAD131}.Debug|x86.ActiveCfg = Debug|Win32
		{5F56069C-F4AB-4D9C-8132-E7D901AAD131}.Debug|x86.Build.0 = Debug|Win32
		{5F56069C-F4AB-4D9C-8132-E7D901AAD131}.Release|x64.ActiveCfg = Release|x64
		{5F56069C-F4AB-4D9C-8132-E7D901AAD131}.Release|x64.Build.0 = Release|x64
		{5F56069C-F4AB-4D9C-8132-E7D901AAD131}.Release|x86.ActiveCfg = Release|Win32
		{5F56069C-F4AB-4D9C-8132-E7D901AAD131}.Release|x86.Build.0 = Release|Win32
	EndGlobalSection
	GlobalSection(SolutionProperties) = preSolution
		HideSolutionNode = FALSE
	EndGlobalSection
	GlobalSection(ExtensibilityGlobals) = postSolution
		SolutionGuid = {0119F8C1-C405-48EA-8790-677D96567C0F}
	EndGlobalSection
EndGlobal
